// !$*UTF8*$!
{
	archiveVersion = 1;
	classes = {
	};
	objectVersion = 56;
	objects = {

/* Begin PBXBuildFile section */
		06308CE929C7358400A35CDB /* Constants.swift in Sources */ = {isa = PBXBuildFile; fileRef = 06308CE829C7358400A35CDB /* Constants.swift */; };
		0634BE2129BE05FE0015D5A2 /* SFProText-Semibold.ttf in Resources */ = {isa = PBXBuildFile; fileRef = 0634BE2029BE05FE0015D5A2 /* SFProText-Semibold.ttf */; };
		0634BE2329BE060A0015D5A2 /* LabGrotesque-Regular.ttf in Resources */ = {isa = PBXBuildFile; fileRef = 0634BE2229BE060A0015D5A2 /* LabGrotesque-Regular.ttf */; };
		0634BE2529BE06140015D5A2 /* LabGrotesque-Bold.ttf in Resources */ = {isa = PBXBuildFile; fileRef = 0634BE2429BE06140015D5A2 /* LabGrotesque-Bold.ttf */; };
		0634BE2729BE061C0015D5A2 /* LabGrotesque-Medium.ttf in Resources */ = {isa = PBXBuildFile; fileRef = 0634BE2629BE061C0015D5A2 /* LabGrotesque-Medium.ttf */; };
		0640260C29CB5BD600088DFB /* MeasureCollectionViewCell.swift in Sources */ = {isa = PBXBuildFile; fileRef = 0640260B29CB5BD600088DFB /* MeasureCollectionViewCell.swift */; };
		0640260E29CB7D7900088DFB /* Extension + CollectionView.swift in Sources */ = {isa = PBXBuildFile; fileRef = 0640260D29CB7D7900088DFB /* Extension + CollectionView.swift */; };
		06412A2B29C21E9A00D11400 /* RocketModel.swift in Sources */ = {isa = PBXBuildFile; fileRef = 06412A2A29C21E9A00D11400 /* RocketModel.swift */; };
		06412A2D29C21FB000D11400 /* LaunchesModel.swift in Sources */ = {isa = PBXBuildFile; fileRef = 06412A2C29C21FB000D11400 /* LaunchesModel.swift */; };
		06412A3029C2223900D11400 /* RocketNetworkManager.swift in Sources */ = {isa = PBXBuildFile; fileRef = 06412A2F29C2223900D11400 /* RocketNetworkManager.swift */; };
		06412A3229C2224D00D11400 /* LaunchesNetworkManager.swift in Sources */ = {isa = PBXBuildFile; fileRef = 06412A3129C2224D00D11400 /* LaunchesNetworkManager.swift */; };
		06412A3529C22C7100D11400 /* RocketViewModel.swift in Sources */ = {isa = PBXBuildFile; fileRef = 06412A3429C22C7100D11400 /* RocketViewModel.swift */; };
		06412A3729C22C8200D11400 /* LaunchesViewModel.swift in Sources */ = {isa = PBXBuildFile; fileRef = 06412A3629C22C8200D11400 /* LaunchesViewModel.swift */; };
		06412A3A29C234C200D11400 /* PageViewController.swift in Sources */ = {isa = PBXBuildFile; fileRef = 06412A3929C234C200D11400 /* PageViewController.swift */; };
		06412A3C29C23E0800D11400 /* LaunchesViewController.swift in Sources */ = {isa = PBXBuildFile; fileRef = 06412A3B29C23E0800D11400 /* LaunchesViewController.swift */; };
		06412A3E29C23E1600D11400 /* SettingsViewController.swift in Sources */ = {isa = PBXBuildFile; fileRef = 06412A3D29C23E1600D11400 /* SettingsViewController.swift */; };
		065C39F329D32D630073CA91 /* FirstStageCollectionViewCell.swift in Sources */ = {isa = PBXBuildFile; fileRef = 065C39F229D32D630073CA91 /* FirstStageCollectionViewCell.swift */; };
		065C39F529D3310D0073CA91 /* SecondStageCollectionViewCell.swift in Sources */ = {isa = PBXBuildFile; fileRef = 065C39F429D3310D0073CA91 /* SecondStageCollectionViewCell.swift */; };
		065C39F729D33BF80073CA91 /* Header.swift in Sources */ = {isa = PBXBuildFile; fileRef = 065C39F629D33BF80073CA91 /* Header.swift */; };
		067FB4BF29CA07CC0075B737 /* SettingsView.swift in Sources */ = {isa = PBXBuildFile; fileRef = 067FB4BE29CA07CC0075B737 /* SettingsView.swift */; };
		0684542A29B8BABF009529F2 /* AppDelegate.swift in Sources */ = {isa = PBXBuildFile; fileRef = 0684542929B8BABF009529F2 /* AppDelegate.swift */; };
		0684542C29B8BABF009529F2 /* SceneDelegate.swift in Sources */ = {isa = PBXBuildFile; fileRef = 0684542B29B8BABF009529F2 /* SceneDelegate.swift */; };
		0684542E29B8BABF009529F2 /* RocketsViewController.swift in Sources */ = {isa = PBXBuildFile; fileRef = 0684542D29B8BABF009529F2 /* RocketsViewController.swift */; };
		0684543329B8BAC0009529F2 /* Assets.xcassets in Resources */ = {isa = PBXBuildFile; fileRef = 0684543229B8BAC0009529F2 /* Assets.xcassets */; };
		0684543629B8BAC0009529F2 /* LaunchScreen.storyboard in Resources */ = {isa = PBXBuildFile; fileRef = 0684543429B8BAC0009529F2 /* LaunchScreen.storyboard */; };
		069244F829D4958F00537EA4 /* LaunchesCollectionViewCell.swift in Sources */ = {isa = PBXBuildFile; fileRef = 069244F729D4958F00537EA4 /* LaunchesCollectionViewCell.swift */; };
		06B5C32D29C489E2008FC679 /* RocketInfoView.swift in Sources */ = {isa = PBXBuildFile; fileRef = 06B5C32C29C489E2008FC679 /* RocketInfoView.swift */; };
		06EE605C29C69E0100013E99 /* Extension + UIView.swift in Sources */ = {isa = PBXBuildFile; fileRef = 06EE605B29C69E0100013E99 /* Extension + UIView.swift */; };
		06F4181429D1F59700897073 /* RocketWikiCollectionViewCell.swift in Sources */ = {isa = PBXBuildFile; fileRef = 06F4181329D1F59700897073 /* RocketWikiCollectionViewCell.swift */; };
		06F4181629D1FA5400897073 /* Extension + String.swift in Sources */ = {isa = PBXBuildFile; fileRef = 06F4181529D1FA5400897073 /* Extension + String.swift */; };
		80EF7B5CB6D42CAAEE0A8CED /* Pods_SpaceX.framework in Frameworks */ = {isa = PBXBuildFile; fileRef = 71F79DFE33646C537B651823 /* Pods_SpaceX.framework */; };
/* End PBXBuildFile section */

/* Begin PBXFileReference section */
		06308CE829C7358400A35CDB /* Constants.swift */ = {isa = PBXFileReference; lastKnownFileType = sourcecode.swift; path = Constants.swift; sourceTree = "<group>"; };
		0634BE2029BE05FE0015D5A2 /* SFProText-Semibold.ttf */ = {isa = PBXFileReference; lastKnownFileType = file; path = "SFProText-Semibold.ttf"; sourceTree = "<group>"; };
		0634BE2229BE060A0015D5A2 /* LabGrotesque-Regular.ttf */ = {isa = PBXFileReference; lastKnownFileType = file; path = "LabGrotesque-Regular.ttf"; sourceTree = "<group>"; };
		0634BE2429BE06140015D5A2 /* LabGrotesque-Bold.ttf */ = {isa = PBXFileReference; lastKnownFileType = file; path = "LabGrotesque-Bold.ttf"; sourceTree = "<group>"; };
		0634BE2629BE061C0015D5A2 /* LabGrotesque-Medium.ttf */ = {isa = PBXFileReference; lastKnownFileType = file; path = "LabGrotesque-Medium.ttf"; sourceTree = "<group>"; };
		0640260B29CB5BD600088DFB /* MeasureCollectionViewCell.swift */ = {isa = PBXFileReference; lastKnownFileType = sourcecode.swift; path = MeasureCollectionViewCell.swift; sourceTree = "<group>"; };
		0640260D29CB7D7900088DFB /* Extension + CollectionView.swift */ = {isa = PBXFileReference; lastKnownFileType = sourcecode.swift; path = "Extension + CollectionView.swift"; sourceTree = "<group>"; };
		06412A2A29C21E9A00D11400 /* RocketModel.swift */ = {isa = PBXFileReference; lastKnownFileType = sourcecode.swift; path = RocketModel.swift; sourceTree = "<group>"; };
		06412A2C29C21FB000D11400 /* LaunchesModel.swift */ = {isa = PBXFileReference; lastKnownFileType = sourcecode.swift; path = LaunchesModel.swift; sourceTree = "<group>"; };
		06412A2F29C2223900D11400 /* RocketNetworkManager.swift */ = {isa = PBXFileReference; lastKnownFileType = sourcecode.swift; path = RocketNetworkManager.swift; sourceTree = "<group>"; };
		06412A3129C2224D00D11400 /* LaunchesNetworkManager.swift */ = {isa = PBXFileReference; lastKnownFileType = sourcecode.swift; path = LaunchesNetworkManager.swift; sourceTree = "<group>"; };
		06412A3429C22C7100D11400 /* RocketViewModel.swift */ = {isa = PBXFileReference; lastKnownFileType = sourcecode.swift; path = RocketViewModel.swift; sourceTree = "<group>"; };
		06412A3629C22C8200D11400 /* LaunchesViewModel.swift */ = {isa = PBXFileReference; lastKnownFileType = sourcecode.swift; path = LaunchesViewModel.swift; sourceTree = "<group>"; };
		06412A3929C234C200D11400 /* PageViewController.swift */ = {isa = PBXFileReference; lastKnownFileType = sourcecode.swift; path = PageViewController.swift; sourceTree = "<group>"; };
		06412A3B29C23E0800D11400 /* LaunchesViewController.swift */ = {isa = PBXFileReference; lastKnownFileType = sourcecode.swift; path = LaunchesViewController.swift; sourceTree = "<group>"; };
		06412A3D29C23E1600D11400 /* SettingsViewController.swift */ = {isa = PBXFileReference; lastKnownFileType = sourcecode.swift; path = SettingsViewController.swift; sourceTree = "<group>"; };
		065C39F229D32D630073CA91 /* FirstStageCollectionViewCell.swift */ = {isa = PBXFileReference; lastKnownFileType = sourcecode.swift; path = FirstStageCollectionViewCell.swift; sourceTree = "<group>"; };
		065C39F429D3310D0073CA91 /* SecondStageCollectionViewCell.swift */ = {isa = PBXFileReference; lastKnownFileType = sourcecode.swift; path = SecondStageCollectionViewCell.swift; sourceTree = "<group>"; };
		065C39F629D33BF80073CA91 /* Header.swift */ = {isa = PBXFileReference; lastKnownFileType = sourcecode.swift; path = Header.swift; sourceTree = "<group>"; };
		067FB4BE29CA07CC0075B737 /* SettingsView.swift */ = {isa = PBXFileReference; lastKnownFileType = sourcecode.swift; path = SettingsView.swift; sourceTree = "<group>"; };
		0684542629B8BABF009529F2 /* SpaceX.app */ = {isa = PBXFileReference; explicitFileType = wrapper.application; includeInIndex = 0; path = SpaceX.app; sourceTree = BUILT_PRODUCTS_DIR; };
		0684542929B8BABF009529F2 /* AppDelegate.swift */ = {isa = PBXFileReference; lastKnownFileType = sourcecode.swift; path = AppDelegate.swift; sourceTree = "<group>"; };
		0684542B29B8BABF009529F2 /* SceneDelegate.swift */ = {isa = PBXFileReference; lastKnownFileType = sourcecode.swift; path = SceneDelegate.swift; sourceTree = "<group>"; };
		0684542D29B8BABF009529F2 /* RocketsViewController.swift */ = {isa = PBXFileReference; lastKnownFileType = sourcecode.swift; path = RocketsViewController.swift; sourceTree = "<group>"; };
		0684543229B8BAC0009529F2 /* Assets.xcassets */ = {isa = PBXFileReference; lastKnownFileType = folder.assetcatalog; path = Assets.xcassets; sourceTree = "<group>"; };
		0684543529B8BAC0009529F2 /* Base */ = {isa = PBXFileReference; lastKnownFileType = file.storyboard; name = Base; path = Base.lproj/LaunchScreen.storyboard; sourceTree = "<group>"; };
		0684543729B8BAC0009529F2 /* Info.plist */ = {isa = PBXFileReference; lastKnownFileType = text.plist.xml; path = Info.plist; sourceTree = "<group>"; };
		069244F729D4958F00537EA4 /* LaunchesCollectionViewCell.swift */ = {isa = PBXFileReference; lastKnownFileType = sourcecode.swift; path = LaunchesCollectionViewCell.swift; sourceTree = "<group>"; };
		06B5C32C29C489E2008FC679 /* RocketInfoView.swift */ = {isa = PBXFileReference; lastKnownFileType = sourcecode.swift; path = RocketInfoView.swift; sourceTree = "<group>"; };
		06EE605B29C69E0100013E99 /* Extension + UIView.swift */ = {isa = PBXFileReference; lastKnownFileType = sourcecode.swift; path = "Extension + UIView.swift"; sourceTree = "<group>"; };
		06F4181329D1F59700897073 /* RocketWikiCollectionViewCell.swift */ = {isa = PBXFileReference; lastKnownFileType = sourcecode.swift; path = RocketWikiCollectionViewCell.swift; sourceTree = "<group>"; };
		06F4181529D1FA5400897073 /* Extension + String.swift */ = {isa = PBXFileReference; lastKnownFileType = sourcecode.swift; path = "Extension + String.swift"; sourceTree = "<group>"; };
		496CD231ADB9457BE36EB6F0 /* Pods-SpaceX.debug.xcconfig */ = {isa = PBXFileReference; includeInIndex = 1; lastKnownFileType = text.xcconfig; name = "Pods-SpaceX.debug.xcconfig"; path = "Target Support Files/Pods-SpaceX/Pods-SpaceX.debug.xcconfig"; sourceTree = "<group>"; };
		71F79DFE33646C537B651823 /* Pods_SpaceX.framework */ = {isa = PBXFileReference; explicitFileType = wrapper.framework; includeInIndex = 0; path = Pods_SpaceX.framework; sourceTree = BUILT_PRODUCTS_DIR; };
		C6B05D8A638041FF0DB0C287 /* Pods-SpaceX.release.xcconfig */ = {isa = PBXFileReference; includeInIndex = 1; lastKnownFileType = text.xcconfig; name = "Pods-SpaceX.release.xcconfig"; path = "Target Support Files/Pods-SpaceX/Pods-SpaceX.release.xcconfig"; sourceTree = "<group>"; };
/* End PBXFileReference section */

/* Begin PBXFrameworksBuildPhase section */
		0684542329B8BABF009529F2 /* Frameworks */ = {
			isa = PBXFrameworksBuildPhase;
			buildActionMask = 2147483647;
			files = (
				80EF7B5CB6D42CAAEE0A8CED /* Pods_SpaceX.framework in Frameworks */,
			);
			runOnlyForDeploymentPostprocessing = 0;
		};
/* End PBXFrameworksBuildPhase section */

/* Begin PBXGroup section */
		06308CE629C7354800A35CDB /* Extensions */ = {
			isa = PBXGroup;
			children = (
				06EE605B29C69E0100013E99 /* Extension + UIView.swift */,
				0640260D29CB7D7900088DFB /* Extension + CollectionView.swift */,
				06F4181529D1FA5400897073 /* Extension + String.swift */,
			);
			path = Extensions;
			sourceTree = "<group>";
		};
		06308CE729C7357400A35CDB /* Constants */ = {
			isa = PBXGroup;
			children = (
				06308CE829C7358400A35CDB /* Constants.swift */,
			);
			path = Constants;
			sourceTree = "<group>";
		};
		0634BE1F29BE05B30015D5A2 /* Fonts */ = {
			isa = PBXGroup;
			children = (
				0634BE2629BE061C0015D5A2 /* LabGrotesque-Medium.ttf */,
				0634BE2429BE06140015D5A2 /* LabGrotesque-Bold.ttf */,
				0634BE2229BE060A0015D5A2 /* LabGrotesque-Regular.ttf */,
				0634BE2029BE05FE0015D5A2 /* SFProText-Semibold.ttf */,
			);
			path = Fonts;
			sourceTree = "<group>";
		};
		06412A2929C21E8100D11400 /* Models */ = {
			isa = PBXGroup;
			children = (
				06412A2A29C21E9A00D11400 /* RocketModel.swift */,
				06412A2C29C21FB000D11400 /* LaunchesModel.swift */,
			);
			path = Models;
			sourceTree = "<group>";
		};
		06412A2E29C2222300D11400 /* Managers */ = {
			isa = PBXGroup;
			children = (
				06412A2F29C2223900D11400 /* RocketNetworkManager.swift */,
				06412A3129C2224D00D11400 /* LaunchesNetworkManager.swift */,
			);
			path = Managers;
			sourceTree = "<group>";
		};
		06412A3329C22C4000D11400 /* ViewModels */ = {
			isa = PBXGroup;
			children = (
				06412A3429C22C7100D11400 /* RocketViewModel.swift */,
				06412A3629C22C8200D11400 /* LaunchesViewModel.swift */,
			);
			path = ViewModels;
			sourceTree = "<group>";
		};
		06412A3829C233AB00D11400 /* Views */ = {
			isa = PBXGroup;
			children = (
				06B5C32E29C48EBE008FC679 /* PageViews */,
				06B5C32F29C48EEB008FC679 /* RocketViews */,
				06B5C33029C48F02008FC679 /* LaunchesViews */,
				06B5C33129C48F1B008FC679 /* SettingsViews */,
				06444CF029D85EAF00DE6371 /* LaunchScreen */,
			);
			path = Views;
			sourceTree = "<group>";
		};
		06444CEF29D85D5900DE6371 /* Resources */ = {
			isa = PBXGroup;
			children = (
				0684543229B8BAC0009529F2 /* Assets.xcassets */,
				0684542B29B8BABF009529F2 /* SceneDelegate.swift */,
				0684542929B8BABF009529F2 /* AppDelegate.swift */,
				0634BE1F29BE05B30015D5A2 /* Fonts */,
				06308CE729C7357400A35CDB /* Constants */,
			);
			path = Resources;
			sourceTree = "<group>";
		};
		06444CF029D85EAF00DE6371 /* LaunchScreen */ = {
			isa = PBXGroup;
			children = (
				0684543429B8BAC0009529F2 /* LaunchScreen.storyboard */,
			);
			path = LaunchScreen;
			sourceTree = "<group>";
		};
		0684541D29B8BABF009529F2 = {
			isa = PBXGroup;
			children = (
				0684542829B8BABF009529F2 /* SpaceX */,
				0684542729B8BABF009529F2 /* Products */,
				C353A63B434F7A1F80C86D58 /* Pods */,
				E15DC9954A5923C2B0472A45 /* Frameworks */,
			);
			sourceTree = "<group>";
		};
		0684542729B8BABF009529F2 /* Products */ = {
			isa = PBXGroup;
			children = (
				0684542629B8BABF009529F2 /* SpaceX.app */,
			);
			name = Products;
			sourceTree = "<group>";
		};
		0684542829B8BABF009529F2 /* SpaceX */ = {
			isa = PBXGroup;
			children = (
				06412A2929C21E8100D11400 /* Models */,
				06412A3829C233AB00D11400 /* Views */,
				06412A3329C22C4000D11400 /* ViewModels */,
				06412A2E29C2222300D11400 /* Managers */,
				06308CE629C7354800A35CDB /* Extensions */,
				06444CEF29D85D5900DE6371 /* Resources */,
				0684543729B8BAC0009529F2 /* Info.plist */,
			);
			path = SpaceX;
			sourceTree = "<group>";
		};
		06B5C32E29C48EBE008FC679 /* PageViews */ = {
			isa = PBXGroup;
			children = (
				06412A3929C234C200D11400 /* PageViewController.swift */,
			);
			path = PageViews;
			sourceTree = "<group>";
		};
		06B5C32F29C48EEB008FC679 /* RocketViews */ = {
			isa = PBXGroup;
			children = (
				0684542D29B8BABF009529F2 /* RocketsViewController.swift */,
				06B5C32C29C489E2008FC679 /* RocketInfoView.swift */,
				0640260B29CB5BD600088DFB /* MeasureCollectionViewCell.swift */,
				06F4181329D1F59700897073 /* RocketWikiCollectionViewCell.swift */,
				065C39F229D32D630073CA91 /* FirstStageCollectionViewCell.swift */,
				065C39F429D3310D0073CA91 /* SecondStageCollectionViewCell.swift */,
				065C39F629D33BF80073CA91 /* Header.swift */,
			);
			path = RocketViews;
			sourceTree = "<group>";
		};
		06B5C33029C48F02008FC679 /* LaunchesViews */ = {
			isa = PBXGroup;
			children = (
				06412A3B29C23E0800D11400 /* LaunchesViewController.swift */,
				069244F729D4958F00537EA4 /* LaunchesCollectionViewCell.swift */,
			);
			path = LaunchesViews;
			sourceTree = "<group>";
		};
		06B5C33129C48F1B008FC679 /* SettingsViews */ = {
			isa = PBXGroup;
			children = (
				06412A3D29C23E1600D11400 /* SettingsViewController.swift */,
				067FB4BE29CA07CC0075B737 /* SettingsView.swift */,
			);
			path = SettingsViews;
			sourceTree = "<group>";
		};
		C353A63B434F7A1F80C86D58 /* Pods */ = {
			isa = PBXGroup;
			children = (
				496CD231ADB9457BE36EB6F0 /* Pods-SpaceX.debug.xcconfig */,
				C6B05D8A638041FF0DB0C287 /* Pods-SpaceX.release.xcconfig */,
			);
			path = Pods;
			sourceTree = "<group>";
		};
		E15DC9954A5923C2B0472A45 /* Frameworks */ = {
			isa = PBXGroup;
			children = (
				71F79DFE33646C537B651823 /* Pods_SpaceX.framework */,
			);
			name = Frameworks;
			sourceTree = "<group>";
		};
/* End PBXGroup section */

/* Begin PBXNativeTarget section */
		0684542529B8BABF009529F2 /* SpaceX */ = {
			isa = PBXNativeTarget;
			buildConfigurationList = 0684543A29B8BAC0009529F2 /* Build configuration list for PBXNativeTarget "SpaceX" */;
			buildPhases = (
				4BC4F599017CCE6C27CD1449 /* [CP] Check Pods Manifest.lock */,
				0684542229B8BABF009529F2 /* Sources */,
				0684542329B8BABF009529F2 /* Frameworks */,
				0684542429B8BABF009529F2 /* Resources */,
				013A5DAB6C34111A4D3A2576 /* [CP] Embed Pods Frameworks */,
			);
			buildRules = (
			);
			dependencies = (
			);
			name = SpaceX;
			productName = SpaceX;
			productReference = 0684542629B8BABF009529F2 /* SpaceX.app */;
			productType = "com.apple.product-type.application";
		};
/* End PBXNativeTarget section */

/* Begin PBXProject section */
		0684541E29B8BABF009529F2 /* Project object */ = {
			isa = PBXProject;
			attributes = {
				BuildIndependentTargetsInParallel = 1;
				LastSwiftUpdateCheck = 1420;
				LastUpgradeCheck = 1420;
				TargetAttributes = {
					0684542529B8BABF009529F2 = {
						CreatedOnToolsVersion = 14.2;
					};
				};
			};
			buildConfigurationList = 0684542129B8BABF009529F2 /* Build configuration list for PBXProject "SpaceX" */;
			compatibilityVersion = "Xcode 14.0";
			developmentRegion = en;
			hasScannedForEncodings = 0;
			knownRegions = (
				en,
				Base,
			);
			mainGroup = 0684541D29B8BABF009529F2;
			productRefGroup = 0684542729B8BABF009529F2 /* Products */;
			projectDirPath = "";
			projectRoot = "";
			targets = (
				0684542529B8BABF009529F2 /* SpaceX */,
			);
		};
/* End PBXProject section */

/* Begin PBXResourcesBuildPhase section */
		0684542429B8BABF009529F2 /* Resources */ = {
			isa = PBXResourcesBuildPhase;
			buildActionMask = 2147483647;
			files = (
				0634BE2729BE061C0015D5A2 /* LabGrotesque-Medium.ttf in Resources */,
				0684543629B8BAC0009529F2 /* LaunchScreen.storyboard in Resources */,
				0634BE2529BE06140015D5A2 /* LabGrotesque-Bold.ttf in Resources */,
				0634BE2129BE05FE0015D5A2 /* SFProText-Semibold.ttf in Resources */,
				0634BE2329BE060A0015D5A2 /* LabGrotesque-Regular.ttf in Resources */,
				0684543329B8BAC0009529F2 /* Assets.xcassets in Resources */,
			);
			runOnlyForDeploymentPostprocessing = 0;
		};
/* End PBXResourcesBuildPhase section */

/* Begin PBXShellScriptBuildPhase section */
		013A5DAB6C34111A4D3A2576 /* [CP] Embed Pods Frameworks */ = {
			isa = PBXShellScriptBuildPhase;
			buildActionMask = 2147483647;
			files = (
			);
			inputFileListPaths = (
				"${PODS_ROOT}/Target Support Files/Pods-SpaceX/Pods-SpaceX-frameworks-${CONFIGURATION}-input-files.xcfilelist",
			);
			name = "[CP] Embed Pods Frameworks";
			outputFileListPaths = (
				"${PODS_ROOT}/Target Support Files/Pods-SpaceX/Pods-SpaceX-frameworks-${CONFIGURATION}-output-files.xcfilelist",
			);
			runOnlyForDeploymentPostprocessing = 0;
			shellPath = /bin/sh;
			shellScript = "\"${PODS_ROOT}/Target Support Files/Pods-SpaceX/Pods-SpaceX-frameworks.sh\"\n";
			showEnvVarsInLog = 0;
		};
		4BC4F599017CCE6C27CD1449 /* [CP] Check Pods Manifest.lock */ = {
			isa = PBXShellScriptBuildPhase;
			buildActionMask = 2147483647;
			files = (
			);
			inputFileListPaths = (
			);
			inputPaths = (
				"${PODS_PODFILE_DIR_PATH}/Podfile.lock",
				"${PODS_ROOT}/Manifest.lock",
			);
			name = "[CP] Check Pods Manifest.lock";
			outputFileListPaths = (
			);
			outputPaths = (
				"$(DERIVED_FILE_DIR)/Pods-SpaceX-checkManifestLockResult.txt",
			);
			runOnlyForDeploymentPostprocessing = 0;
			shellPath = /bin/sh;
			shellScript = "diff \"${PODS_PODFILE_DIR_PATH}/Podfile.lock\" \"${PODS_ROOT}/Manifest.lock\" > /dev/null\nif [ $? != 0 ] ; then\n    # print error to STDERR\n    echo \"error: The sandbox is not in sync with the Podfile.lock. Run 'pod install' or update your CocoaPods installation.\" >&2\n    exit 1\nfi\n# This output is used by Xcode 'outputs' to avoid re-running this script phase.\necho \"SUCCESS\" > \"${SCRIPT_OUTPUT_FILE_0}\"\n";
			showEnvVarsInLog = 0;
		};
/* End PBXShellScriptBuildPhase section */

/* Begin PBXSourcesBuildPhase section */
		0684542229B8BABF009529F2 /* Sources */ = {
			isa = PBXSourcesBuildPhase;
			buildActionMask = 2147483647;
			files = (
				06412A3C29C23E0800D11400 /* LaunchesViewController.swift in Sources */,
				0640260C29CB5BD600088DFB /* MeasureCollectionViewCell.swift in Sources */,
				06F4181629D1FA5400897073 /* Extension + String.swift in Sources */,
				06412A2B29C21E9A00D11400 /* RocketModel.swift in Sources */,
				06B5C32D29C489E2008FC679 /* RocketInfoView.swift in Sources */,
				065C39F329D32D630073CA91 /* FirstStageCollectionViewCell.swift in Sources */,
				06412A3A29C234C200D11400 /* PageViewController.swift in Sources */,
				06F4181429D1F59700897073 /* RocketWikiCollectionViewCell.swift in Sources */,
				067FB4BF29CA07CC0075B737 /* SettingsView.swift in Sources */,
				0640260E29CB7D7900088DFB /* Extension + CollectionView.swift in Sources */,
				069244F829D4958F00537EA4 /* LaunchesCollectionViewCell.swift in Sources */,
				06412A2D29C21FB000D11400 /* LaunchesModel.swift in Sources */,
				0684542E29B8BABF009529F2 /* RocketsViewController.swift in Sources */,
				06EE605C29C69E0100013E99 /* Extension + UIView.swift in Sources */,
				06412A3529C22C7100D11400 /* RocketViewModel.swift in Sources */,
				0684542A29B8BABF009529F2 /* AppDelegate.swift in Sources */,
				06412A3029C2223900D11400 /* RocketNetworkManager.swift in Sources */,
				065C39F729D33BF80073CA91 /* Header.swift in Sources */,
				06308CE929C7358400A35CDB /* Constants.swift in Sources */,
				06412A3729C22C8200D11400 /* LaunchesViewModel.swift in Sources */,
				06412A3E29C23E1600D11400 /* SettingsViewController.swift in Sources */,
				065C39F529D3310D0073CA91 /* SecondStageCollectionViewCell.swift in Sources */,
				0684542C29B8BABF009529F2 /* SceneDelegate.swift in Sources */,
				06412A3229C2224D00D11400 /* LaunchesNetworkManager.swift in Sources */,
			);
			runOnlyForDeploymentPostprocessing = 0;
		};
/* End PBXSourcesBuildPhase section */

/* Begin PBXVariantGroup section */
		0684543429B8BAC0009529F2 /* LaunchScreen.storyboard */ = {
			isa = PBXVariantGroup;
			children = (
				0684543529B8BAC0009529F2 /* Base */,
			);
			name = LaunchScreen.storyboard;
			sourceTree = "<group>";
		};
/* End PBXVariantGroup section */

/* Begin XCBuildConfiguration section */
		0684543829B8BAC0009529F2 /* Debug */ = {
			isa = XCBuildConfiguration;
			buildSettings = {
				ALWAYS_SEARCH_USER_PATHS = NO;
				CLANG_ANALYZER_NONNULL = YES;
				CLANG_ANALYZER_NUMBER_OBJECT_CONVERSION = YES_AGGRESSIVE;
				CLANG_CXX_LANGUAGE_STANDARD = "gnu++20";
				CLANG_ENABLE_MODULES = YES;
				CLANG_ENABLE_OBJC_ARC = YES;
				CLANG_ENABLE_OBJC_WEAK = YES;
				CLANG_WARN_BLOCK_CAPTURE_AUTORELEASING = YES;
				CLANG_WARN_BOOL_CONVERSION = YES;
				CLANG_WARN_COMMA = YES;
				CLANG_WARN_CONSTANT_CONVERSION = YES;
				CLANG_WARN_DEPRECATED_OBJC_IMPLEMENTATIONS = YES;
				CLANG_WARN_DIRECT_OBJC_ISA_USAGE = YES_ERROR;
				CLANG_WARN_DOCUMENTATION_COMMENTS = YES;
				CLANG_WARN_EMPTY_BODY = YES;
				CLANG_WARN_ENUM_CONVERSION = YES;
				CLANG_WARN_INFINITE_RECURSION = YES;
				CLANG_WARN_INT_CONVERSION = YES;
				CLANG_WARN_NON_LITERAL_NULL_CONVERSION = YES;
				CLANG_WARN_OBJC_IMPLICIT_RETAIN_SELF = YES;
				CLANG_WARN_OBJC_LITERAL_CONVERSION = YES;
				CLANG_WARN_OBJC_ROOT_CLASS = YES_ERROR;
				CLANG_WARN_QUOTED_INCLUDE_IN_FRAMEWORK_HEADER = YES;
				CLANG_WARN_RANGE_LOOP_ANALYSIS = YES;
				CLANG_WARN_STRICT_PROTOTYPES = YES;
				CLANG_WARN_SUSPICIOUS_MOVE = YES;
				CLANG_WARN_UNGUARDED_AVAILABILITY = YES_AGGRESSIVE;
				CLANG_WARN_UNREACHABLE_CODE = YES;
				CLANG_WARN__DUPLICATE_METHOD_MATCH = YES;
				COPY_PHASE_STRIP = NO;
				DEBUG_INFORMATION_FORMAT = dwarf;
				ENABLE_STRICT_OBJC_MSGSEND = YES;
				ENABLE_TESTABILITY = YES;
				GCC_C_LANGUAGE_STANDARD = gnu11;
				GCC_DYNAMIC_NO_PIC = NO;
				GCC_NO_COMMON_BLOCKS = YES;
				GCC_OPTIMIZATION_LEVEL = 0;
				GCC_PREPROCESSOR_DEFINITIONS = (
					"DEBUG=1",
					"$(inherited)",
				);
				GCC_WARN_64_TO_32_BIT_CONVERSION = YES;
				GCC_WARN_ABOUT_RETURN_TYPE = YES_ERROR;
				GCC_WARN_UNDECLARED_SELECTOR = YES;
				GCC_WARN_UNINITIALIZED_AUTOS = YES_AGGRESSIVE;
				GCC_WARN_UNUSED_FUNCTION = YES;
				GCC_WARN_UNUSED_VARIABLE = YES;
				IPHONEOS_DEPLOYMENT_TARGET = 16.2;
				MTL_ENABLE_DEBUG_INFO = INCLUDE_SOURCE;
				MTL_FAST_MATH = YES;
				ONLY_ACTIVE_ARCH = YES;
				SDKROOT = iphoneos;
				SWIFT_ACTIVE_COMPILATION_CONDITIONS = DEBUG;
				SWIFT_OPTIMIZATION_LEVEL = "-Onone";
			};
			name = Debug;
		};
		0684543929B8BAC0009529F2 /* Release */ = {
			isa = XCBuildConfiguration;
			buildSettings = {
				ALWAYS_SEARCH_USER_PATHS = NO;
				CLANG_ANALYZER_NONNULL = YES;
				CLANG_ANALYZER_NUMBER_OBJECT_CONVERSION = YES_AGGRESSIVE;
				CLANG_CXX_LANGUAGE_STANDARD = "gnu++20";
				CLANG_ENABLE_MODULES = YES;
				CLANG_ENABLE_OBJC_ARC = YES;
				CLANG_ENABLE_OBJC_WEAK = YES;
				CLANG_WARN_BLOCK_CAPTURE_AUTORELEASING = YES;
				CLANG_WARN_BOOL_CONVERSION = YES;
				CLANG_WARN_COMMA = YES;
				CLANG_WARN_CONSTANT_CONVERSION = YES;
				CLANG_WARN_DEPRECATED_OBJC_IMPLEMENTATIONS = YES;
				CLANG_WARN_DIRECT_OBJC_ISA_USAGE = YES_ERROR;
				CLANG_WARN_DOCUMENTATION_COMMENTS = YES;
				CLANG_WARN_EMPTY_BODY = YES;
				CLANG_WARN_ENUM_CONVERSION = YES;
				CLANG_WARN_INFINITE_RECURSION = YES;
				CLANG_WARN_INT_CONVERSION = YES;
				CLANG_WARN_NON_LITERAL_NULL_CONVERSION = YES;
				CLANG_WARN_OBJC_IMPLICIT_RETAIN_SELF = YES;
				CLANG_WARN_OBJC_LITERAL_CONVERSION = YES;
				CLANG_WARN_OBJC_ROOT_CLASS = YES_ERROR;
				CLANG_WARN_QUOTED_INCLUDE_IN_FRAMEWORK_HEADER = YES;
				CLANG_WARN_RANGE_LOOP_ANALYSIS = YES;
				CLANG_WARN_STRICT_PROTOTYPES = YES;
				CLANG_WARN_SUSPICIOUS_MOVE = YES;
				CLANG_WARN_UNGUARDED_AVAILABILITY = YES_AGGRESSIVE;
				CLANG_WARN_UNREACHABLE_CODE = YES;
				CLANG_WARN__DUPLICATE_METHOD_MATCH = YES;
				COPY_PHASE_STRIP = NO;
				DEBUG_INFORMATION_FORMAT = "dwarf-with-dsym";
				ENABLE_NS_ASSERTIONS = NO;
				ENABLE_STRICT_OBJC_MSGSEND = YES;
				GCC_C_LANGUAGE_STANDARD = gnu11;
				GCC_NO_COMMON_BLOCKS = YES;
				GCC_WARN_64_TO_32_BIT_CONVERSION = YES;
				GCC_WARN_ABOUT_RETURN_TYPE = YES_ERROR;
				GCC_WARN_UNDECLARED_SELECTOR = YES;
				GCC_WARN_UNINITIALIZED_AUTOS = YES_AGGRESSIVE;
				GCC_WARN_UNUSED_FUNCTION = YES;
				GCC_WARN_UNUSED_VARIABLE = YES;
				IPHONEOS_DEPLOYMENT_TARGET = 16.2;
				MTL_ENABLE_DEBUG_INFO = NO;
				MTL_FAST_MATH = YES;
				SDKROOT = iphoneos;
				SWIFT_COMPILATION_MODE = wholemodule;
				SWIFT_OPTIMIZATION_LEVEL = "-O";
				VALIDATE_PRODUCT = YES;
			};
			name = Release;
		};
		0684543B29B8BAC0009529F2 /* Debug */ = {
			isa = XCBuildConfiguration;
			baseConfigurationReference = 496CD231ADB9457BE36EB6F0 /* Pods-SpaceX.debug.xcconfig */;
			buildSettings = {
				ASSETCATALOG_COMPILER_APPICON_NAME = AppIcon;
				ASSETCATALOG_COMPILER_GLOBAL_ACCENT_COLOR_NAME = AccentColor;
				CODE_SIGN_STYLE = Automatic;
				CURRENT_PROJECT_VERSION = 1;
				DEVELOPMENT_TEAM = MD9SFH54JC;
				GENERATE_INFOPLIST_FILE = YES;
				INFOPLIST_FILE = SpaceX/Info.plist;
				INFOPLIST_KEY_UIApplicationSupportsIndirectInputEvents = YES;
				INFOPLIST_KEY_UILaunchStoryboardName = LaunchScreen;
				INFOPLIST_KEY_UISupportedInterfaceOrientations_iPad = "UIInterfaceOrientationPortrait UIInterfaceOrientationPortraitUpsideDown UIInterfaceOrientationLandscapeLeft UIInterfaceOrientationLandscapeRight";
				INFOPLIST_KEY_UISupportedInterfaceOrientations_iPhone = "UIInterfaceOrientationPortrait UIInterfaceOrientationLandscapeLeft UIInterfaceOrientationLandscapeRight";
				LD_RUNPATH_SEARCH_PATHS = (
					"$(inherited)",
					"@executable_path/Frameworks",
				);
				MARKETING_VERSION = 1.0;
				PRODUCT_BUNDLE_IDENTIFIER = e.docenko.SpaceX;
				PRODUCT_NAME = "$(TARGET_NAME)";
				SWIFT_EMIT_LOC_STRINGS = YES;
				SWIFT_VERSION = 5.0;
				TARGETED_DEVICE_FAMILY = "1,2";
			};
			name = Debug;
		};
		0684543C29B8BAC0009529F2 /* Release */ = {
			isa = XCBuildConfiguration;
			baseConfigurationReference = C6B05D8A638041FF0DB0C287 /* Pods-SpaceX.release.xcconfig */;
			buildSettings = {
				ASSETCATALOG_COMPILER_APPICON_NAME = AppIcon;
				ASSETCATALOG_COMPILER_GLOBAL_ACCENT_COLOR_NAME = AccentColor;
				CODE_SIGN_STYLE = Automatic;
				CURRENT_PROJECT_VERSION = 1;
				DEVELOPMENT_TEAM = MD9SFH54JC;
				GENERATE_INFOPLIST_FILE = YES;
				INFOPLIST_FILE = SpaceX/Info.plist;
				INFOPLIST_KEY_UIApplicationSupportsIndirectInputEvents = YES;
				INFOPLIST_KEY_UILaunchStoryboardName = LaunchScreen;
				INFOPLIST_KEY_UISupportedInterfaceOrientations_iPad = "UIInterfaceOrientationPortrait UIInterfaceOrientationPortraitUpsideDown UIInterfaceOrientationLandscapeLeft UIInterfaceOrientationLandscapeRight";
				INFOPLIST_KEY_UISupportedInterfaceOrientations_iPhone = "UIInterfaceOrientationPortrait UIInterfaceOrientationLandscapeLeft UIInterfaceOrientationLandscapeRight";
				LD_RUNPATH_SEARCH_PATHS = (
					"$(inherited)",
					"@executable_path/Frameworks",
				);
				MARKETING_VERSION = 1.0;
				PRODUCT_BUNDLE_IDENTIFIER = e.docenko.SpaceX;
				PRODUCT_NAME = "$(TARGET_NAME)";
				SWIFT_EMIT_LOC_STRINGS = YES;
				SWIFT_VERSION = 5.0;
				TARGETED_DEVICE_FAMILY = "1,2";
			};
			name = Release;
		};
/* End XCBuildConfiguration section */

/* Begin XCConfigurationList section */
		0684542129B8BABF009529F2 /* Build configuration list for PBXProject "SpaceX" */ = {
			isa = XCConfigurationList;
			buildConfigurations = (
				0684543829B8BAC0009529F2 /* Debug */,
				0684543929B8BAC0009529F2 /* Release */,
			);
			defaultConfigurationIsVisible = 0;
			defaultConfigurationName = Release;
		};
		0684543A29B8BAC0009529F2 /* Build configuration list for PBXNativeTarget "SpaceX" */ = {
			isa = XCConfigurationList;
			buildConfigurations = (
				0684543B29B8BAC0009529F2 /* Debug */,
				0684543C29B8BAC0009529F2 /* Release */,
			);
			defaultConfigurationIsVisible = 0;
			defaultConfigurationName = Release;
		};
/* End XCConfigurationList section */
	};
	rootObject = 0684541E29B8BABF009529F2 /* Project object */;
}
